// !$*UTF8*$!
{
	archiveVersion = 1;
	classes = {
	};
	objectVersion = 46;
	objects = {

/* Begin PBXBuildFile section */
		59CDF67C6E54B6EF66FBC4EF /* Pods_CinemaClubUITests.framework in Frameworks */ = {isa = PBXBuildFile; fileRef = 5001032EADCDEF92F77742E2 /* Pods_CinemaClubUITests.framework */; };
		83E8E16514E48FC614307CDD /* Pods_CinemaClubTests.framework in Frameworks */ = {isa = PBXBuildFile; fileRef = B01D76C708BFB8E2452CF09B /* Pods_CinemaClubTests.framework */; };
		A17A83D5B9D9C76850B0E7BE /* Pods_CinemaClub.framework in Frameworks */ = {isa = PBXBuildFile; fileRef = 81A8FE34CC2476E5A5A29E57 /* Pods_CinemaClub.framework */; };
		A7122F2F1D87278F0013341E /* AppDelegate.swift in Sources */ = {isa = PBXBuildFile; fileRef = A7122F2E1D87278F0013341E /* AppDelegate.swift */; };
		A7122F341D87278F0013341E /* Main.storyboard in Resources */ = {isa = PBXBuildFile; fileRef = A7122F321D87278F0013341E /* Main.storyboard */; };
		A7122F371D87278F0013341E /* CinemaClub.xcdatamodeld in Sources */ = {isa = PBXBuildFile; fileRef = A7122F351D87278F0013341E /* CinemaClub.xcdatamodeld */; };
		A7122F391D87278F0013341E /* Assets.xcassets in Resources */ = {isa = PBXBuildFile; fileRef = A7122F381D87278F0013341E /* Assets.xcassets */; };
		A7122F3C1D87278F0013341E /* LaunchScreen.storyboard in Resources */ = {isa = PBXBuildFile; fileRef = A7122F3A1D87278F0013341E /* LaunchScreen.storyboard */; };
		A7122F471D87278F0013341E /* CinemaClubTests.swift in Sources */ = {isa = PBXBuildFile; fileRef = A7122F461D87278F0013341E /* CinemaClubTests.swift */; };
		A7122F521D87278F0013341E /* CinemaClubUITests.swift in Sources */ = {isa = PBXBuildFile; fileRef = A7122F511D87278F0013341E /* CinemaClubUITests.swift */; };
		A7122F611D8739040013341E /* MovieCollectionViewController.swift in Sources */ = {isa = PBXBuildFile; fileRef = A7122F601D8739040013341E /* MovieCollectionViewController.swift */; };
		A7122F631D8739800013341E /* MovieDataStore.swift in Sources */ = {isa = PBXBuildFile; fileRef = A7122F621D8739800013341E /* MovieDataStore.swift */; };
		A7122F671D873A3A0013341E /* OMDBAPIClient.swift in Sources */ = {isa = PBXBuildFile; fileRef = A7122F661D873A3A0013341E /* OMDBAPIClient.swift */; };
		A71C4D991DBF169900A41B94 /* Reachability.m in Sources */ = {isa = PBXBuildFile; fileRef = A71C4D981DBF169900A41B94 /* Reachability.m */; };
		A71C4D9C1DBF1B8D00A41B94 /* Helpers.swift in Sources */ = {isa = PBXBuildFile; fileRef = A71C4D9B1DBF1B8D00A41B94 /* Helpers.swift */; };
		A728602A1DBBF41F00EE5086 /* Movie+CoreDataClass.swift in Sources */ = {isa = PBXBuildFile; fileRef = A72860261DBBF41F00EE5086 /* Movie+CoreDataClass.swift */; };
		A728602B1DBBF41F00EE5086 /* Movie+CoreDataProperties.swift in Sources */ = {isa = PBXBuildFile; fileRef = A72860271DBBF41F00EE5086 /* Movie+CoreDataProperties.swift */; };
		A728602C1DBBF41F00EE5086 /* Favorited+CoreDataClass.swift in Sources */ = {isa = PBXBuildFile; fileRef = A72860281DBBF41F00EE5086 /* Favorited+CoreDataClass.swift */; };
		A728602D1DBBF41F00EE5086 /* Favorited+CoreDataProperties.swift in Sources */ = {isa = PBXBuildFile; fileRef = A72860291DBBF41F00EE5086 /* Favorited+CoreDataProperties.swift */; };
		A73FEEE71DBEA4CF008D52D9 /* FavoritedMovieTableViewController.swift in Sources */ = {isa = PBXBuildFile; fileRef = A73FEEE61DBEA4CF008D52D9 /* FavoritedMovieTableViewController.swift */; };
		A73FEEE91DBEA510008D52D9 /* FavoritedMovieTableViewCell.swift in Sources */ = {isa = PBXBuildFile; fileRef = A73FEEE81DBEA510008D52D9 /* FavoritedMovieTableViewCell.swift */; };
		A76BCB0D1D9F1D0F00569612 /* MovieDetailViewController.swift in Sources */ = {isa = PBXBuildFile; fileRef = A76BCB0C1D9F1D0F00569612 /* MovieDetailViewController.swift */; };
		A7DDD2731D8A2889001FFB98 /* MovieCollectionViewCell.swift in Sources */ = {isa = PBXBuildFile; fileRef = A7DDD2721D8A2889001FFB98 /* MovieCollectionViewCell.swift */; };
		A7EA8B001DC14EA1001EE17C /* InternetConnectivity.swift in Sources */ = {isa = PBXBuildFile; fileRef = A7EA8AFF1DC14EA1001EE17C /* InternetConnectivity.swift */; };
/* End PBXBuildFile section */

/* Begin PBXContainerItemProxy section */
		A7122F431D87278F0013341E /* PBXContainerItemProxy */ = {
			isa = PBXContainerItemProxy;
			containerPortal = A7122F231D87278E0013341E /* Project object */;
			proxyType = 1;
			remoteGlobalIDString = A7122F2A1D87278F0013341E;
			remoteInfo = CinemaClub;
		};
		A7122F4E1D87278F0013341E /* PBXContainerItemProxy */ = {
			isa = PBXContainerItemProxy;
			containerPortal = A7122F231D87278E0013341E /* Project object */;
			proxyType = 1;
			remoteGlobalIDString = A7122F2A1D87278F0013341E;
			remoteInfo = CinemaClub;
		};
/* End PBXContainerItemProxy section */

/* Begin PBXFileReference section */
		05562198DD2BA5792D83A6DF /* Pods-CinemaClubTests.debug.xcconfig */ = {isa = PBXFileReference; includeInIndex = 1; lastKnownFileType = text.xcconfig; name = "Pods-CinemaClubTests.debug.xcconfig"; path = "Pods/Target Support Files/Pods-CinemaClubTests/Pods-CinemaClubTests.debug.xcconfig"; sourceTree = "<group>"; };
		0BFC56DD9A1CAFDC9F412E1F /* Pods-CinemaClubTests.release.xcconfig */ = {isa = PBXFileReference; includeInIndex = 1; lastKnownFileType = text.xcconfig; name = "Pods-CinemaClubTests.release.xcconfig"; path = "Pods/Target Support Files/Pods-CinemaClubTests/Pods-CinemaClubTests.release.xcconfig"; sourceTree = "<group>"; };
		425097996FB58F55283EBA39 /* Pods-CinemaClub.debug.xcconfig */ = {isa = PBXFileReference; includeInIndex = 1; lastKnownFileType = text.xcconfig; name = "Pods-CinemaClub.debug.xcconfig"; path = "Pods/Target Support Files/Pods-CinemaClub/Pods-CinemaClub.debug.xcconfig"; sourceTree = "<group>"; };
		5001032EADCDEF92F77742E2 /* Pods_CinemaClubUITests.framework */ = {isa = PBXFileReference; explicitFileType = wrapper.framework; includeInIndex = 0; path = Pods_CinemaClubUITests.framework; sourceTree = BUILT_PRODUCTS_DIR; };
		81A8FE34CC2476E5A5A29E57 /* Pods_CinemaClub.framework */ = {isa = PBXFileReference; explicitFileType = wrapper.framework; includeInIndex = 0; path = Pods_CinemaClub.framework; sourceTree = BUILT_PRODUCTS_DIR; };
		A7122F2B1D87278F0013341E /* CinemaClub.app */ = {isa = PBXFileReference; explicitFileType = wrapper.application; includeInIndex = 0; path = CinemaClub.app; sourceTree = BUILT_PRODUCTS_DIR; };
		A7122F2E1D87278F0013341E /* AppDelegate.swift */ = {isa = PBXFileReference; lastKnownFileType = sourcecode.swift; path = AppDelegate.swift; sourceTree = "<group>"; };
		A7122F331D87278F0013341E /* Base */ = {isa = PBXFileReference; lastKnownFileType = file.storyboard; name = Base; path = Base.lproj/Main.storyboard; sourceTree = "<group>"; };
		A7122F361D87278F0013341E /* CinemaClub.xcdatamodel */ = {isa = PBXFileReference; lastKnownFileType = wrapper.xcdatamodel; path = CinemaClub.xcdatamodel; sourceTree = "<group>"; };
		A7122F381D87278F0013341E /* Assets.xcassets */ = {isa = PBXFileReference; lastKnownFileType = folder.assetcatalog; path = Assets.xcassets; sourceTree = "<group>"; };
		A7122F3B1D87278F0013341E /* Base */ = {isa = PBXFileReference; lastKnownFileType = file.storyboard; name = Base; path = Base.lproj/LaunchScreen.storyboard; sourceTree = "<group>"; };
		A7122F3D1D87278F0013341E /* Info.plist */ = {isa = PBXFileReference; lastKnownFileType = text.plist.xml; path = Info.plist; sourceTree = "<group>"; };
		A7122F421D87278F0013341E /* CinemaClubTests.xctest */ = {isa = PBXFileReference; explicitFileType = wrapper.cfbundle; includeInIndex = 0; path = CinemaClubTests.xctest; sourceTree = BUILT_PRODUCTS_DIR; };
		A7122F461D87278F0013341E /* CinemaClubTests.swift */ = {isa = PBXFileReference; lastKnownFileType = sourcecode.swift; path = CinemaClubTests.swift; sourceTree = "<group>"; };
		A7122F481D87278F0013341E /* Info.plist */ = {isa = PBXFileReference; lastKnownFileType = text.plist.xml; path = Info.plist; sourceTree = "<group>"; };
		A7122F4D1D87278F0013341E /* CinemaClubUITests.xctest */ = {isa = PBXFileReference; explicitFileType = wrapper.cfbundle; includeInIndex = 0; path = CinemaClubUITests.xctest; sourceTree = BUILT_PRODUCTS_DIR; };
		A7122F511D87278F0013341E /* CinemaClubUITests.swift */ = {isa = PBXFileReference; lastKnownFileType = sourcecode.swift; path = CinemaClubUITests.swift; sourceTree = "<group>"; };
		A7122F531D87278F0013341E /* Info.plist */ = {isa = PBXFileReference; lastKnownFileType = text.plist.xml; path = Info.plist; sourceTree = "<group>"; };
		A7122F601D8739040013341E /* MovieCollectionViewController.swift */ = {isa = PBXFileReference; fileEncoding = 4; lastKnownFileType = sourcecode.swift; path = MovieCollectionViewController.swift; sourceTree = "<group>"; };
		A7122F621D8739800013341E /* MovieDataStore.swift */ = {isa = PBXFileReference; fileEncoding = 4; lastKnownFileType = sourcecode.swift; path = MovieDataStore.swift; sourceTree = "<group>"; };
		A7122F661D873A3A0013341E /* OMDBAPIClient.swift */ = {isa = PBXFileReference; fileEncoding = 4; lastKnownFileType = sourcecode.swift; path = OMDBAPIClient.swift; sourceTree = "<group>"; };
		A71C4D971DBF169900A41B94 /* Reachability.h */ = {isa = PBXFileReference; fileEncoding = 4; lastKnownFileType = sourcecode.c.h; path = Reachability.h; sourceTree = "<group>"; };
		A71C4D981DBF169900A41B94 /* Reachability.m */ = {isa = PBXFileReference; fileEncoding = 4; lastKnownFileType = sourcecode.c.objc; path = Reachability.m; sourceTree = "<group>"; };
		A71C4D9A1DBF173600A41B94 /* CinemaClub-Bridging-Header.h */ = {isa = PBXFileReference; lastKnownFileType = sourcecode.c.h; path = "CinemaClub-Bridging-Header.h"; sourceTree = "<group>"; };
		A71C4D9B1DBF1B8D00A41B94 /* Helpers.swift */ = {isa = PBXFileReference; fileEncoding = 4; lastKnownFileType = sourcecode.swift; path = Helpers.swift; sourceTree = "<group>"; };
		A72860261DBBF41F00EE5086 /* Movie+CoreDataClass.swift */ = {isa = PBXFileReference; fileEncoding = 4; lastKnownFileType = sourcecode.swift; path = "Movie+CoreDataClass.swift"; sourceTree = "<group>"; };
		A72860271DBBF41F00EE5086 /* Movie+CoreDataProperties.swift */ = {isa = PBXFileReference; fileEncoding = 4; lastKnownFileType = sourcecode.swift; path = "Movie+CoreDataProperties.swift"; sourceTree = "<group>"; };
		A72860281DBBF41F00EE5086 /* Favorited+CoreDataClass.swift */ = {isa = PBXFileReference; fileEncoding = 4; lastKnownFileType = sourcecode.swift; path = "Favorited+CoreDataClass.swift"; sourceTree = "<group>"; };
		A72860291DBBF41F00EE5086 /* Favorited+CoreDataProperties.swift */ = {isa = PBXFileReference; fileEncoding = 4; lastKnownFileType = sourcecode.swift; path = "Favorited+CoreDataProperties.swift"; sourceTree = "<group>"; };
		A73FEEE61DBEA4CF008D52D9 /* FavoritedMovieTableViewController.swift */ = {isa = PBXFileReference; fileEncoding = 4; lastKnownFileType = sourcecode.swift; path = FavoritedMovieTableViewController.swift; sourceTree = "<group>"; };
		A73FEEE81DBEA510008D52D9 /* FavoritedMovieTableViewCell.swift */ = {isa = PBXFileReference; fileEncoding = 4; lastKnownFileType = sourcecode.swift; path = FavoritedMovieTableViewCell.swift; sourceTree = "<group>"; };
		A76BCB0C1D9F1D0F00569612 /* MovieDetailViewController.swift */ = {isa = PBXFileReference; fileEncoding = 4; lastKnownFileType = sourcecode.swift; path = MovieDetailViewController.swift; sourceTree = "<group>"; };
		A7DDD2721D8A2889001FFB98 /* MovieCollectionViewCell.swift */ = {isa = PBXFileReference; fileEncoding = 4; lastKnownFileType = sourcecode.swift; path = MovieCollectionViewCell.swift; sourceTree = "<group>"; };
		A7EA8AFF1DC14EA1001EE17C /* InternetConnectivity.swift */ = {isa = PBXFileReference; fileEncoding = 4; lastKnownFileType = sourcecode.swift; path = InternetConnectivity.swift; sourceTree = "<group>"; };
		B01D76C708BFB8E2452CF09B /* Pods_CinemaClubTests.framework */ = {isa = PBXFileReference; explicitFileType = wrapper.framework; includeInIndex = 0; path = Pods_CinemaClubTests.framework; sourceTree = BUILT_PRODUCTS_DIR; };
		B7E73849BD8BB8CE6EA0FAA0 /* Pods-CinemaClubUITests.release.xcconfig */ = {isa = PBXFileReference; includeInIndex = 1; lastKnownFileType = text.xcconfig; name = "Pods-CinemaClubUITests.release.xcconfig"; path = "Pods/Target Support Files/Pods-CinemaClubUITests/Pods-CinemaClubUITests.release.xcconfig"; sourceTree = "<group>"; };
		E02ACBA874332163D30EAAC6 /* Pods-CinemaClubUITests.debug.xcconfig */ = {isa = PBXFileReference; includeInIndex = 1; lastKnownFileType = text.xcconfig; name = "Pods-CinemaClubUITests.debug.xcconfig"; path = "Pods/Target Support Files/Pods-CinemaClubUITests/Pods-CinemaClubUITests.debug.xcconfig"; sourceTree = "<group>"; };
		F4C13D2BD3E977034199B863 /* Pods-CinemaClub.release.xcconfig */ = {isa = PBXFileReference; includeInIndex = 1; lastKnownFileType = text.xcconfig; name = "Pods-CinemaClub.release.xcconfig"; path = "Pods/Target Support Files/Pods-CinemaClub/Pods-CinemaClub.release.xcconfig"; sourceTree = "<group>"; };
/* End PBXFileReference section */

/* Begin PBXFrameworksBuildPhase section */
		A7122F281D87278F0013341E /* Frameworks */ = {
			isa = PBXFrameworksBuildPhase;
			buildActionMask = 2147483647;
			files = (
				A17A83D5B9D9C76850B0E7BE /* Pods_CinemaClub.framework in Frameworks */,
			);
			runOnlyForDeploymentPostprocessing = 0;
		};
		A7122F3F1D87278F0013341E /* Frameworks */ = {
			isa = PBXFrameworksBuildPhase;
			buildActionMask = 2147483647;
			files = (
				83E8E16514E48FC614307CDD /* Pods_CinemaClubTests.framework in Frameworks */,
			);
			runOnlyForDeploymentPostprocessing = 0;
		};
		A7122F4A1D87278F0013341E /* Frameworks */ = {
			isa = PBXFrameworksBuildPhase;
			buildActionMask = 2147483647;
			files = (
				59CDF67C6E54B6EF66FBC4EF /* Pods_CinemaClubUITests.framework in Frameworks */,
			);
			runOnlyForDeploymentPostprocessing = 0;
		};
/* End PBXFrameworksBuildPhase section */

/* Begin PBXGroup section */
		8C79ED7FDBDB2318621FCAD3 /* Pods */ = {
			isa = PBXGroup;
			children = (
				425097996FB58F55283EBA39 /* Pods-CinemaClub.debug.xcconfig */,
				F4C13D2BD3E977034199B863 /* Pods-CinemaClub.release.xcconfig */,
				05562198DD2BA5792D83A6DF /* Pods-CinemaClubTests.debug.xcconfig */,
				0BFC56DD9A1CAFDC9F412E1F /* Pods-CinemaClubTests.release.xcconfig */,
				E02ACBA874332163D30EAAC6 /* Pods-CinemaClubUITests.debug.xcconfig */,
				B7E73849BD8BB8CE6EA0FAA0 /* Pods-CinemaClubUITests.release.xcconfig */,
			);
			name = Pods;
			sourceTree = "<group>";
		};
		9F229F54D9FE49444C06C70C /* Frameworks */ = {
			isa = PBXGroup;
			children = (
				81A8FE34CC2476E5A5A29E57 /* Pods_CinemaClub.framework */,
				B01D76C708BFB8E2452CF09B /* Pods_CinemaClubTests.framework */,
				5001032EADCDEF92F77742E2 /* Pods_CinemaClubUITests.framework */,
			);
			name = Frameworks;
			sourceTree = "<group>";
		};
		A7122F221D87278E0013341E = {
			isa = PBXGroup;
			children = (
				A7122F2D1D87278F0013341E /* CinemaClub */,
				A7122F451D87278F0013341E /* CinemaClubTests */,
				A7122F501D87278F0013341E /* CinemaClubUITests */,
				A7122F2C1D87278F0013341E /* Products */,
				8C79ED7FDBDB2318621FCAD3 /* Pods */,
				9F229F54D9FE49444C06C70C /* Frameworks */,
			);
			sourceTree = "<group>";
		};
		A7122F2C1D87278F0013341E /* Products */ = {
			isa = PBXGroup;
			children = (
				A7122F2B1D87278F0013341E /* CinemaClub.app */,
				A7122F421D87278F0013341E /* CinemaClubTests.xctest */,
				A7122F4D1D87278F0013341E /* CinemaClubUITests.xctest */,
			);
			name = Products;
			sourceTree = "<group>";
		};
		A7122F2D1D87278F0013341E /* CinemaClub */ = {
			isa = PBXGroup;
			children = (
				A7122F2E1D87278F0013341E /* AppDelegate.swift */,
				A7122F5F1D87383E0013341E /* Model */,
				A7FCD9731DBFBB2A00019C5C /* Views */,
				A7FCD9721DBFBB1500019C5C /* Controllers */,
				A74C16FD1DC9006700D1083E /* Utilities */,
				A7122F381D87278F0013341E /* Assets.xcassets */,
				A7122F321D87278F0013341E /* Main.storyboard */,
				A7122F3A1D87278F0013341E /* LaunchScreen.storyboard */,
				A7122F3D1D87278F0013341E /* Info.plist */,
				A7122F351D87278F0013341E /* CinemaClub.xcdatamodeld */,
			);
			path = CinemaClub;
			sourceTree = "<group>";
		};
		A7122F451D87278F0013341E /* CinemaClubTests */ = {
			isa = PBXGroup;
			children = (
				A7122F461D87278F0013341E /* CinemaClubTests.swift */,
				A7122F481D87278F0013341E /* Info.plist */,
			);
			path = CinemaClubTests;
			sourceTree = "<group>";
		};
		A7122F501D87278F0013341E /* CinemaClubUITests */ = {
			isa = PBXGroup;
			children = (
				A7122F511D87278F0013341E /* CinemaClubUITests.swift */,
				A7122F531D87278F0013341E /* Info.plist */,
			);
			path = CinemaClubUITests;
			sourceTree = "<group>";
		};
		A7122F5F1D87383E0013341E /* Model */ = {
			isa = PBXGroup;
			children = (
				A72860261DBBF41F00EE5086 /* Movie+CoreDataClass.swift */,
				A72860271DBBF41F00EE5086 /* Movie+CoreDataProperties.swift */,
				A72860281DBBF41F00EE5086 /* Favorited+CoreDataClass.swift */,
				A72860291DBBF41F00EE5086 /* Favorited+CoreDataProperties.swift */,
				A7122F621D8739800013341E /* MovieDataStore.swift */,
			);
			name = Model;
			sourceTree = "<group>";
		};
		A74C16FD1DC9006700D1083E /* Utilities */ = {
			isa = PBXGroup;
			children = (
				A7122F661D873A3A0013341E /* OMDBAPIClient.swift */,
				A71C4D9B1DBF1B8D00A41B94 /* Helpers.swift */,
				A7EA8AFF1DC14EA1001EE17C /* InternetConnectivity.swift */,
				A71C4D971DBF169900A41B94 /* Reachability.h */,
				A71C4D981DBF169900A41B94 /* Reachability.m */,
				A71C4D9A1DBF173600A41B94 /* CinemaClub-Bridging-Header.h */,
			);
			name = Utilities;
			sourceTree = "<group>";
		};
		A7FCD9721DBFBB1500019C5C /* Controllers */ = {
			isa = PBXGroup;
			children = (
				A76BCB0C1D9F1D0F00569612 /* MovieDetailViewController.swift */,
				A73FEEE61DBEA4CF008D52D9 /* FavoritedMovieTableViewController.swift */,
				A7122F601D8739040013341E /* MovieCollectionViewController.swift */,
			);
			name = Controllers;
			sourceTree = "<group>";
		};
		A7FCD9731DBFBB2A00019C5C /* Views */ = {
			isa = PBXGroup;
			children = (
				A7DDD2721D8A2889001FFB98 /* MovieCollectionViewCell.swift */,
				A73FEEE81DBEA510008D52D9 /* FavoritedMovieTableViewCell.swift */,
			);
			name = Views;
			sourceTree = "<group>";
		};
/* End PBXGroup section */

/* Begin PBXNativeTarget section */
		A7122F2A1D87278F0013341E /* CinemaClub */ = {
			isa = PBXNativeTarget;
			buildConfigurationList = A7122F561D87278F0013341E /* Build configuration list for PBXNativeTarget "CinemaClub" */;
			buildPhases = (
				F6F3F15C206A90C93A29C88E /* [CP] Check Pods Manifest.lock */,
				A7122F271D87278F0013341E /* Sources */,
				A7122F281D87278F0013341E /* Frameworks */,
				A7122F291D87278F0013341E /* Resources */,
				B834C054CA738DAA13747E2C /* [CP] Embed Pods Frameworks */,
				4EEE466931E7318652E8F4D5 /* [CP] Copy Pods Resources */,
			);
			buildRules = (
			);
			dependencies = (
			);
			name = CinemaClub;
			productName = CinemaClub;
			productReference = A7122F2B1D87278F0013341E /* CinemaClub.app */;
			productType = "com.apple.product-type.application";
		};
		A7122F411D87278F0013341E /* CinemaClubTests */ = {
			isa = PBXNativeTarget;
			buildConfigurationList = A7122F591D87278F0013341E /* Build configuration list for PBXNativeTarget "CinemaClubTests" */;
			buildPhases = (
				F1E460DB9D434D177D871E0A /* [CP] Check Pods Manifest.lock */,
				A7122F3E1D87278F0013341E /* Sources */,
				A7122F3F1D87278F0013341E /* Frameworks */,
				A7122F401D87278F0013341E /* Resources */,
				DFDE5760EF53A04D3BA9AEEF /* [CP] Embed Pods Frameworks */,
				362F17FC0A9436F12FE5DB2C /* [CP] Copy Pods Resources */,
			);
			buildRules = (
			);
			dependencies = (
				A7122F441D87278F0013341E /* PBXTargetDependency */,
			);
			name = CinemaClubTests;
			productName = CinemaClubTests;
			productReference = A7122F421D87278F0013341E /* CinemaClubTests.xctest */;
			productType = "com.apple.product-type.bundle.unit-test";
		};
		A7122F4C1D87278F0013341E /* CinemaClubUITests */ = {
			isa = PBXNativeTarget;
			buildConfigurationList = A7122F5C1D87278F0013341E /* Build configuration list for PBXNativeTarget "CinemaClubUITests" */;
			buildPhases = (
				98BD0C86AEC129F0B327151E /* [CP] Check Pods Manifest.lock */,
				A7122F491D87278F0013341E /* Sources */,
				A7122F4A1D87278F0013341E /* Frameworks */,
				A7122F4B1D87278F0013341E /* Resources */,
				27C6E9E14C72B0B4780DCB4F /* [CP] Embed Pods Frameworks */,
				9C1E193F0909A0C2DFC8FCF4 /* [CP] Copy Pods Resources */,
			);
			buildRules = (
			);
			dependencies = (
				A7122F4F1D87278F0013341E /* PBXTargetDependency */,
			);
			name = CinemaClubUITests;
			productName = CinemaClubUITests;
			productReference = A7122F4D1D87278F0013341E /* CinemaClubUITests.xctest */;
			productType = "com.apple.product-type.bundle.ui-testing";
		};
/* End PBXNativeTarget section */

/* Begin PBXProject section */
		A7122F231D87278E0013341E /* Project object */ = {
			isa = PBXProject;
			attributes = {
				LastSwiftUpdateCheck = 0730;
				LastUpgradeCheck = 0800;
				ORGANIZATIONNAME = Ugowe;
				TargetAttributes = {
					A7122F2A1D87278F0013341E = {
						CreatedOnToolsVersion = 7.3.1;
						DevelopmentTeam = 35H4MHLESW;
						LastSwiftMigration = 0800;
					};
					A7122F411D87278F0013341E = {
						CreatedOnToolsVersion = 7.3.1;
						LastSwiftMigration = 0800;
						TestTargetID = A7122F2A1D87278F0013341E;
					};
					A7122F4C1D87278F0013341E = {
						CreatedOnToolsVersion = 7.3.1;
						LastSwiftMigration = 0800;
						TestTargetID = A7122F2A1D87278F0013341E;
					};
				};
			};
			buildConfigurationList = A7122F261D87278E0013341E /* Build configuration list for PBXProject "CinemaClub" */;
			compatibilityVersion = "Xcode 3.2";
			developmentRegion = English;
			hasScannedForEncodings = 0;
			knownRegions = (
				en,
				Base,
			);
			mainGroup = A7122F221D87278E0013341E;
			productRefGroup = A7122F2C1D87278F0013341E /* Products */;
			projectDirPath = "";
			projectRoot = "";
			targets = (
				A7122F2A1D87278F0013341E /* CinemaClub */,
				A7122F411D87278F0013341E /* CinemaClubTests */,
				A7122F4C1D87278F0013341E /* CinemaClubUITests */,
			);
		};
/* End PBXProject section */

/* Begin PBXResourcesBuildPhase section */
		A7122F291D87278F0013341E /* Resources */ = {
			isa = PBXResourcesBuildPhase;
			buildActionMask = 2147483647;
			files = (
				A7122F3C1D87278F0013341E /* LaunchScreen.storyboard in Resources */,
				A7122F391D87278F0013341E /* Assets.xcassets in Resources */,
				A7122F341D87278F0013341E /* Main.storyboard in Resources */,
			);
			runOnlyForDeploymentPostprocessing = 0;
		};
		A7122F401D87278F0013341E /* Resources */ = {
			isa = PBXResourcesBuildPhase;
			buildActionMask = 2147483647;
			files = (
			);
			runOnlyForDeploymentPostprocessing = 0;
		};
		A7122F4B1D87278F0013341E /* Resources */ = {
			isa = PBXResourcesBuildPhase;
			buildActionMask = 2147483647;
			files = (
			);
			runOnlyForDeploymentPostprocessing = 0;
		};
/* End PBXResourcesBuildPhase section */

/* Begin PBXShellScriptBuildPhase section */
		27C6E9E14C72B0B4780DCB4F /* [CP] Embed Pods Frameworks */ = {
			isa = PBXShellScriptBuildPhase;
			buildActionMask = 2147483647;
			files = (
			);
			inputPaths = (
			);
			name = "[CP] Embed Pods Frameworks";
			outputPaths = (
			);
			runOnlyForDeploymentPostprocessing = 0;
			shellPath = /bin/sh;
			shellScript = "\"${SRCROOT}/Pods/Target Support Files/Pods-CinemaClubUITests/Pods-CinemaClubUITests-frameworks.sh\"\n";
			showEnvVarsInLog = 0;
		};
		362F17FC0A9436F12FE5DB2C /* [CP] Copy Pods Resources */ = {
			isa = PBXShellScriptBuildPhase;
			buildActionMask = 2147483647;
			files = (
			);
			inputPaths = (
			);
			name = "[CP] Copy Pods Resources";
			outputPaths = (
			);
			runOnlyForDeploymentPostprocessing = 0;
			shellPath = /bin/sh;
			shellScript = "\"${SRCROOT}/Pods/Target Support Files/Pods-CinemaClubTests/Pods-CinemaClubTests-resources.sh\"\n";
			showEnvVarsInLog = 0;
		};
		4EEE466931E7318652E8F4D5 /* [CP] Copy Pods Resources */ = {
			isa = PBXShellScriptBuildPhase;
			buildActionMask = 2147483647;
			files = (
			);
			inputPaths = (
			);
			name = "[CP] Copy Pods Resources";
			outputPaths = (
			);
			runOnlyForDeploymentPostprocessing = 0;
			shellPath = /bin/sh;
			shellScript = "\"${SRCROOT}/Pods/Target Support Files/Pods-CinemaClub/Pods-CinemaClub-resources.sh\"\n";
			showEnvVarsInLog = 0;
		};
		98BD0C86AEC129F0B327151E /* [CP] Check Pods Manifest.lock */ = {
			isa = PBXShellScriptBuildPhase;
			buildActionMask = 2147483647;
			files = (
			);
			inputPaths = (
			);
			name = "[CP] Check Pods Manifest.lock";
			outputPaths = (
			);
			runOnlyForDeploymentPostprocessing = 0;
			shellPath = /bin/sh;
			shellScript = "diff \"${PODS_ROOT}/../Podfile.lock\" \"${PODS_ROOT}/Manifest.lock\" > /dev/null\nif [ $? != 0 ] ; then\n    # print error to STDERR\n    echo \"error: The sandbox is not in sync with the Podfile.lock. Run 'pod install' or update your CocoaPods installation.\" >&2\n    exit 1\nfi\n";
			showEnvVarsInLog = 0;
		};
		9C1E193F0909A0C2DFC8FCF4 /* [CP] Copy Pods Resources */ = {
			isa = PBXShellScriptBuildPhase;
			buildActionMask = 2147483647;
			files = (
			);
			inputPaths = (
			);
			name = "[CP] Copy Pods Resources";
			outputPaths = (
			);
			runOnlyForDeploymentPostprocessing = 0;
			shellPath = /bin/sh;
			shellScript = "\"${SRCROOT}/Pods/Target Support Files/Pods-CinemaClubUITests/Pods-CinemaClubUITests-resources.sh\"\n";
			showEnvVarsInLog = 0;
		};
		B834C054CA738DAA13747E2C /* [CP] Embed Pods Frameworks */ = {
			isa = PBXShellScriptBuildPhase;
			buildActionMask = 2147483647;
			files = (
			);
			inputPaths = (
			);
			name = "[CP] Embed Pods Frameworks";
			outputPaths = (
			);
			runOnlyForDeploymentPostprocessing = 0;
			shellPath = /bin/sh;
			shellScript = "\"${SRCROOT}/Pods/Target Support Files/Pods-CinemaClub/Pods-CinemaClub-frameworks.sh\"\n";
			showEnvVarsInLog = 0;
		};
		DFDE5760EF53A04D3BA9AEEF /* [CP] Embed Pods Frameworks */ = {
			isa = PBXShellScriptBuildPhase;
			buildActionMask = 2147483647;
			files = (
			);
			inputPaths = (
			);
			name = "[CP] Embed Pods Frameworks";
			outputPaths = (
			);
			runOnlyForDeploymentPostprocessing = 0;
			shellPath = /bin/sh;
			shellScript = "\"${SRCROOT}/Pods/Target Support Files/Pods-CinemaClubTests/Pods-CinemaClubTests-frameworks.sh\"\n";
			showEnvVarsInLog = 0;
		};
		F1E460DB9D434D177D871E0A /* [CP] Check Pods Manifest.lock */ = {
			isa = PBXShellScriptBuildPhase;
			buildActionMask = 2147483647;
			files = (
			);
			inputPaths = (
			);
			name = "[CP] Check Pods Manifest.lock";
			outputPaths = (
			);
			runOnlyForDeploymentPostprocessing = 0;
			shellPath = /bin/sh;
			shellScript = "diff \"${PODS_ROOT}/../Podfile.lock\" \"${PODS_ROOT}/Manifest.lock\" > /dev/null\nif [ $? != 0 ] ; then\n    # print error to STDERR\n    echo \"error: The sandbox is not in sync with the Podfile.lock. Run 'pod install' or update your CocoaPods installation.\" >&2\n    exit 1\nfi\n";
			showEnvVarsInLog = 0;
		};
		F6F3F15C206A90C93A29C88E /* [CP] Check Pods Manifest.lock */ = {
			isa = PBXShellScriptBuildPhase;
			buildActionMask = 2147483647;
			files = (
			);
			inputPaths = (
			);
			name = "[CP] Check Pods Manifest.lock";
			outputPaths = (
			);
			runOnlyForDeploymentPostprocessing = 0;
			shellPath = /bin/sh;
			shellScript = "diff \"${PODS_ROOT}/../Podfile.lock\" \"${PODS_ROOT}/Manifest.lock\" > /dev/null\nif [ $? != 0 ] ; then\n    # print error to STDERR\n    echo \"error: The sandbox is not in sync with the Podfile.lock. Run 'pod install' or update your CocoaPods installation.\" >&2\n    exit 1\nfi\n";
			showEnvVarsInLog = 0;
		};
/* End PBXShellScriptBuildPhase section */

/* Begin PBXSourcesBuildPhase section */
		A7122F271D87278F0013341E /* Sources */ = {
			isa = PBXSourcesBuildPhase;
			buildActionMask = 2147483647;
			files = (
				A73FEEE91DBEA510008D52D9 /* FavoritedMovieTableViewCell.swift in Sources */,
				A73FEEE71DBEA4CF008D52D9 /* FavoritedMovieTableViewController.swift in Sources */,
				A71C4D9C1DBF1B8D00A41B94 /* Helpers.swift in Sources */,
				A728602A1DBBF41F00EE5086 /* Movie+CoreDataClass.swift in Sources */,
				A7122F371D87278F0013341E /* CinemaClub.xcdatamodeld in Sources */,
				A728602D1DBBF41F00EE5086 /* Favorited+CoreDataProperties.swift in Sources */,
				A7122F2F1D87278F0013341E /* AppDelegate.swift in Sources */,
				A7122F631D8739800013341E /* MovieDataStore.swift in Sources */,
				A728602B1DBBF41F00EE5086 /* Movie+CoreDataProperties.swift in Sources */,
				A7122F611D8739040013341E /* MovieCollectionViewController.swift in Sources */,
				A728602C1DBBF41F00EE5086 /* Favorited+CoreDataClass.swift in Sources */,
				A71C4D991DBF169900A41B94 /* Reachability.m in Sources */,
				A7DDD2731D8A2889001FFB98 /* MovieCollectionViewCell.swift in Sources */,
				A7EA8B001DC14EA1001EE17C /* InternetConnectivity.swift in Sources */,
				A7122F671D873A3A0013341E /* OMDBAPIClient.swift in Sources */,
				A76BCB0D1D9F1D0F00569612 /* MovieDetailViewController.swift in Sources */,
			);
			runOnlyForDeploymentPostprocessing = 0;
		};
		A7122F3E1D87278F0013341E /* Sources */ = {
			isa = PBXSourcesBuildPhase;
			buildActionMask = 2147483647;
			files = (
				A7122F471D87278F0013341E /* CinemaClubTests.swift in Sources */,
			);
			runOnlyForDeploymentPostprocessing = 0;
		};
		A7122F491D87278F0013341E /* Sources */ = {
			isa = PBXSourcesBuildPhase;
			buildActionMask = 2147483647;
			files = (
				A7122F521D87278F0013341E /* CinemaClubUITests.swift in Sources */,
			);
			runOnlyForDeploymentPostprocessing = 0;
		};
/* End PBXSourcesBuildPhase section */

/* Begin PBXTargetDependency section */
		A7122F441D87278F0013341E /* PBXTargetDependency */ = {
			isa = PBXTargetDependency;
			target = A7122F2A1D87278F0013341E /* CinemaClub */;
			targetProxy = A7122F431D87278F0013341E /* PBXContainerItemProxy */;
		};
		A7122F4F1D87278F0013341E /* PBXTargetDependency */ = {
			isa = PBXTargetDependency;
			target = A7122F2A1D87278F0013341E /* CinemaClub */;
			targetProxy = A7122F4E1D87278F0013341E /* PBXContainerItemProxy */;
		};
/* End PBXTargetDependency section */

/* Begin PBXVariantGroup section */
		A7122F321D87278F0013341E /* Main.storyboard */ = {
			isa = PBXVariantGroup;
			children = (
				A7122F331D87278F0013341E /* Base */,
			);
			name = Main.storyboard;
			sourceTree = "<group>";
		};
		A7122F3A1D87278F0013341E /* LaunchScreen.storyboard */ = {
			isa = PBXVariantGroup;
			children = (
				A7122F3B1D87278F0013341E /* Base */,
			);
			name = LaunchScreen.storyboard;
			sourceTree = "<group>";
		};
/* End PBXVariantGroup section */

/* Begin XCBuildConfiguration section */
		A7122F541D87278F0013341E /* Debug */ = {
			isa = XCBuildConfiguration;
			buildSettings = {
				ALWAYS_SEARCH_USER_PATHS = NO;
				CLANG_ANALYZER_NONNULL = YES;
				CLANG_CXX_LANGUAGE_STANDARD = "gnu++0x";
				CLANG_CXX_LIBRARY = "libc++";
				CLANG_ENABLE_MODULES = YES;
				CLANG_ENABLE_OBJC_ARC = YES;
				CLANG_WARN_BOOL_CONVERSION = YES;
				CLANG_WARN_CONSTANT_CONVERSION = YES;
				CLANG_WARN_DIRECT_OBJC_ISA_USAGE = YES_ERROR;
				CLANG_WARN_EMPTY_BODY = YES;
				CLANG_WARN_ENUM_CONVERSION = YES;
				CLANG_WARN_INFINITE_RECURSION = YES;
				CLANG_WARN_INT_CONVERSION = YES;
				CLANG_WARN_OBJC_ROOT_CLASS = YES_ERROR;
				CLANG_WARN_SUSPICIOUS_MOVE = YES;
				CLANG_WARN_UNREACHABLE_CODE = YES;
				CLANG_WARN__DUPLICATE_METHOD_MATCH = YES;
				"CODE_SIGN_IDENTITY[sdk=iphoneos*]" = "iPhone Developer";
				COPY_PHASE_STRIP = NO;
				DEBUG_INFORMATION_FORMAT = dwarf;
				ENABLE_STRICT_OBJC_MSGSEND = YES;
				ENABLE_TESTABILITY = YES;
				GCC_C_LANGUAGE_STANDARD = gnu99;
				GCC_DYNAMIC_NO_PIC = NO;
				GCC_NO_COMMON_BLOCKS = YES;
				GCC_OPTIMIZATION_LEVEL = 0;
				GCC_PREPROCESSOR_DEFINITIONS = (
					"DEBUG=1",
					"$(inherited)",
				);
				GCC_WARN_64_TO_32_BIT_CONVERSION = YES;
				GCC_WARN_ABOUT_RETURN_TYPE = YES_ERROR;
				GCC_WARN_UNDECLARED_SELECTOR = YES;
				GCC_WARN_UNINITIALIZED_AUTOS = YES_AGGRESSIVE;
				GCC_WARN_UNUSED_FUNCTION = YES;
				GCC_WARN_UNUSED_VARIABLE = YES;
				IPHONEOS_DEPLOYMENT_TARGET = 9.3;
				MTL_ENABLE_DEBUG_INFO = YES;
				ONLY_ACTIVE_ARCH = YES;
				SDKROOT = iphoneos;
				SWIFT_OPTIMIZATION_LEVEL = "-Onone";
				TARGETED_DEVICE_FAMILY = "1,2";
			};
			name = Debug;
		};
		A7122F551D87278F0013341E /* Release */ = {
			isa = XCBuildConfiguration;
			buildSettings = {
				ALWAYS_SEARCH_USER_PATHS = NO;
				CLANG_ANALYZER_NONNULL = YES;
				CLANG_CXX_LANGUAGE_STANDARD = "gnu++0x";
				CLANG_CXX_LIBRARY = "libc++";
				CLANG_ENABLE_MODULES = YES;
				CLANG_ENABLE_OBJC_ARC = YES;
				CLANG_WARN_BOOL_CONVERSION = YES;
				CLANG_WARN_CONSTANT_CONVERSION = YES;
				CLANG_WARN_DIRECT_OBJC_ISA_USAGE = YES_ERROR;
				CLANG_WARN_EMPTY_BODY = YES;
				CLANG_WARN_ENUM_CONVERSION = YES;
				CLANG_WARN_INFINITE_RECURSION = YES;
				CLANG_WARN_INT_CONVERSION = YES;
				CLANG_WARN_OBJC_ROOT_CLASS = YES_ERROR;
				CLANG_WARN_SUSPICIOUS_MOVE = YES;
				CLANG_WARN_UNREACHABLE_CODE = YES;
				CLANG_WARN__DUPLICATE_METHOD_MATCH = YES;
				"CODE_SIGN_IDENTITY[sdk=iphoneos*]" = "iPhone Developer";
				COPY_PHASE_STRIP = NO;
				DEBUG_INFORMATION_FORMAT = "dwarf-with-dsym";
				ENABLE_NS_ASSERTIONS = NO;
				ENABLE_STRICT_OBJC_MSGSEND = YES;
				GCC_C_LANGUAGE_STANDARD = gnu99;
				GCC_NO_COMMON_BLOCKS = YES;
				GCC_WARN_64_TO_32_BIT_CONVERSION = YES;
				GCC_WARN_ABOUT_RETURN_TYPE = YES_ERROR;
				GCC_WARN_UNDECLARED_SELECTOR = YES;
				GCC_WARN_UNINITIALIZED_AUTOS = YES_AGGRESSIVE;
				GCC_WARN_UNUSED_FUNCTION = YES;
				GCC_WARN_UNUSED_VARIABLE = YES;
				IPHONEOS_DEPLOYMENT_TARGET = 9.3;
				MTL_ENABLE_DEBUG_INFO = NO;
				SDKROOT = iphoneos;
				SWIFT_OPTIMIZATION_LEVEL = "-Owholemodule";
				TARGETED_DEVICE_FAMILY = "1,2";
				VALIDATE_PRODUCT = YES;
			};
			name = Release;
		};
		A7122F571D87278F0013341E /* Debug */ = {
			isa = XCBuildConfiguration;
			baseConfigurationReference = 425097996FB58F55283EBA39 /* Pods-CinemaClub.debug.xcconfig */;
			buildSettings = {
				ASSETCATALOG_COMPILER_APPICON_NAME = AppIcon;
				CLANG_ENABLE_MODULES = YES;
				DEVELOPMENT_TEAM = 35H4MHLESW;
				INFOPLIST_FILE = CinemaClub/Info.plist;
				LD_RUNPATH_SEARCH_PATHS = "$(inherited) @executable_path/Frameworks";
				PRODUCT_BUNDLE_IDENTIFIER = JEU.CinemaClub;
				PRODUCT_NAME = "$(TARGET_NAME)";
				SWIFT_OBJC_BRIDGING_HEADER = "CinemaClub/CinemaClub-Bridging-Header.h";
				SWIFT_OPTIMIZATION_LEVEL = "-Onone";
				SWIFT_VERSION = 3.0;
			};
			name = Debug;
		};
		A7122F581D87278F0013341E /* Release */ = {
			isa = XCBuildConfiguration;
			baseConfigurationReference = F4C13D2BD3E977034199B863 /* Pods-CinemaClub.release.xcconfig */;
			buildSettings = {
				ASSETCATALOG_COMPILER_APPICON_NAME = AppIcon;
				CLANG_ENABLE_MODULES = YES;
				DEVELOPMENT_TEAM = 35H4MHLESW;
				INFOPLIST_FILE = CinemaClub/Info.plist;
				LD_RUNPATH_SEARCH_PATHS = "$(inherited) @executable_path/Frameworks";
				PRODUCT_BUNDLE_IDENTIFIER = JEU.CinemaClub;
				PRODUCT_NAME = "$(TARGET_NAME)";
				SWIFT_OBJC_BRIDGING_HEADER = "CinemaClub/CinemaClub-Bridging-Header.h";
				SWIFT_VERSION = 3.0;
			};
			name = Release;
		};
		A7122F5A1D87278F0013341E /* Debug */ = {
			isa = XCBuildConfiguration;
			baseConfigurationReference = 05562198DD2BA5792D83A6DF /* Pods-CinemaClubTests.debug.xcconfig */;
			buildSettings = {
				BUNDLE_LOADER = "$(TEST_HOST)";
				INFOPLIST_FILE = CinemaClubTests/Info.plist;
				LD_RUNPATH_SEARCH_PATHS = "$(inherited) @executable_path/Frameworks @loader_path/Frameworks";
				PRODUCT_BUNDLE_IDENTIFIER = JEU.CinemaClubTests;
				PRODUCT_NAME = "$(TARGET_NAME)";
				SWIFT_VERSION = 3.0;
				TEST_HOST = "$(BUILT_PRODUCTS_DIR)/CinemaClub.app/CinemaClub";
			};
			name = Debug;
		};
		A7122F5B1D87278F0013341E /* Release */ = {
			isa = XCBuildConfiguration;
			baseConfigurationReference = 0BFC56DD9A1CAFDC9F412E1F /* Pods-CinemaClubTests.release.xcconfig */;
			buildSettings = {
				BUNDLE_LOADER = "$(TEST_HOST)";
				INFOPLIST_FILE = CinemaClubTests/Info.plist;
				LD_RUNPATH_SEARCH_PATHS = "$(inherited) @executable_path/Frameworks @loader_path/Frameworks";
				PRODUCT_BUNDLE_IDENTIFIER = JEU.CinemaClubTests;
				PRODUCT_NAME = "$(TARGET_NAME)";
				SWIFT_VERSION = 3.0;
				TEST_HOST = "$(BUILT_PRODUCTS_DIR)/CinemaClub.app/CinemaClub";
			};
			name = Release;
		};
		A7122F5D1D87278F0013341E /* Debug */ = {
			isa = XCBuildConfiguration;
			baseConfigurationReference = E02ACBA874332163D30EAAC6 /* Pods-CinemaClubUITests.debug.xcconfig */;
			buildSettings = {
				INFOPLIST_FILE = CinemaClubUITests/Info.plist;
				LD_RUNPATH_SEARCH_PATHS = "$(inherited) @executable_path/Frameworks @loader_path/Frameworks";
				PRODUCT_BUNDLE_IDENTIFIER = JEU.CinemaClubUITests;
				PRODUCT_NAME = "$(TARGET_NAME)";
				SWIFT_VERSION = 3.0;
				TEST_TARGET_NAME = CinemaClub;
			};
			name = Debug;
		};
		A7122F5E1D87278F0013341E /* Release */ = {
			isa = XCBuildConfiguration;
			baseConfigurationReference = B7E73849BD8BB8CE6EA0FAA0 /* Pods-CinemaClubUITests.release.xcconfig */;
			buildSettings = {
				INFOPLIST_FILE = CinemaClubUITests/Info.plist;
				LD_RUNPATH_SEARCH_PATHS = "$(inherited) @executable_path/Frameworks @loader_path/Frameworks";
				PRODUCT_BUNDLE_IDENTIFIER = JEU.CinemaClubUITests;
				PRODUCT_NAME = "$(TARGET_NAME)";
				SWIFT_VERSION = 3.0;
				TEST_TARGET_NAME = CinemaClub;
			};
			name = Release;
		};
/* End XCBuildConfiguration section */

/* Begin XCConfigurationList section */
		A7122F261D87278E0013341E /* Build configuration list for PBXProject "CinemaClub" */ = {
			isa = XCConfigurationList;
			buildConfigurations = (
				A7122F541D87278F0013341E /* Debug */,
				A7122F551D87278F0013341E /* Release */,
			);
			defaultConfigurationIsVisible = 0;
			defaultConfigurationName = Release;
		};
		A7122F561D87278F0013341E /* Build configuration list for PBXNativeTarget "CinemaClub" */ = {
			isa = XCConfigurationList;
			buildConfigurations = (
				A7122F571D87278F0013341E /* Debug */,
				A7122F581D87278F0013341E /* Release */,
			);
			defaultConfigurationIsVisible = 0;
			defaultConfigurationName = Release;
		};
		A7122F591D87278F0013341E /* Build configuration list for PBXNativeTarget "CinemaClubTests" */ = {
			isa = XCConfigurationList;
			buildConfigurations = (
				A7122F5A1D87278F0013341E /* Debug */,
				A7122F5B1D87278F0013341E /* Release */,
			);
			defaultConfigurationIsVisible = 0;
			defaultConfigurationName = Release;
		};
		A7122F5C1D87278F0013341E /* Build configuration list for PBXNativeTarget "CinemaClubUITests" */ = {
			isa = XCConfigurationList;
			buildConfigurations = (
				A7122F5D1D87278F0013341E /* Debug */,
				A7122F5E1D87278F0013341E /* Release */,
			);
			defaultConfigurationIsVisible = 0;
			defaultConfigurationName = Release;
		};
/* End XCConfigurationList section */

/* Begin XCVersionGroup section */
		A7122F351D87278F0013341E /* CinemaClub.xcdatamodeld */ = {
			isa = XCVersionGroup;
			children = (
				A7122F361D87278F0013341E /* CinemaClub.xcdatamodel */,
			);
			currentVersion = A7122F361D87278F0013341E /* CinemaClub.xcdatamodel */;
			path = CinemaClub.xcdatamodeld;
			sourceTree = "<group>";
			versionGroupType = wrapper.xcdatamodel;
		};
/* End XCVersionGroup section */
	};
	rootObject = A7122F231D87278E0013341E /* Project object */;
}
